
Microsoft Visual Studio Solution File, Format Version 12.00
# Visual Studio Version 17
VisualStudioVersion = 17.11.35312.102
MinimumVisualStudioVersion = 10.0.40219.1
Project("{FAE04EC0-301F-11D3-BF4B-00C04F79EFBC}") = "Guessing Game", "Guessing Game.csproj", "{C1352383-228F-4C3A-A8CA-017F22A42307}"
EndProject
Global
	GlobalSection(SolutionConfigurationPlatforms) = preSolution
		Debug|Any CPU = Debug|Any CPU
		Release|Any CPU = Release|Any CPU
	EndGlobalSection
	GlobalSection(ProjectConfigurationPlatforms) = postSolution
		{C1352383-228F-4C3A-A8CA-017F22A42307}.Debug|Any CPU.ActiveCfg = Debug|Any CPU
		{C1352383-228F-4C3A-A8CA-017F22A42307}.Debug|Any CPU.Build.0 = Debug|Any CPU
		{C1352383-228F-4C3A-A8CA-017F22A42307}.Release|Any CPU.ActiveCfg = Release|Any CPU
		{C1352383-228F-4C3A-A8CA-017F22A42307}.Release|Any CPU.Build.0 = Release|Any CPU
	EndGlobalSection
	GlobalSection(SolutionProperties) = preSolution
		HideSolutionNode = FALSE
	EndGlobalSection
	GlobalSection(ExtensibilityGlobals) = postSolution
		SolutionGuid = {404F9241-2BBF-4703-9484-0B3A28A3D30D}
	EndGlobalSection
EndGlobal
